// !$*UTF8*$!
{
	archiveVersion = 1;
	classes = {
	};
	objectVersion = 46;
	objects = {

/* Begin PBXBuildFile section */
		B13384881B5691A80094EA5E /* Constants.swift in Sources */ = {isa = PBXBuildFile; fileRef = B13384871B5691A80094EA5E /* Constants.swift */; };
		B1B4305D1AEE891A00960ED9 /* AppDelegate.swift in Sources */ = {isa = PBXBuildFile; fileRef = B1B4305C1AEE891A00960ED9 /* AppDelegate.swift */; };
		B1B430621AEE891A00960ED9 /* Main.storyboard in Resources */ = {isa = PBXBuildFile; fileRef = B1B430601AEE891A00960ED9 /* Main.storyboard */; };
		B1B430641AEE891A00960ED9 /* Images.xcassets in Resources */ = {isa = PBXBuildFile; fileRef = B1B430631AEE891A00960ED9 /* Images.xcassets */; };
		B1B430671AEE891A00960ED9 /* LaunchScreen.xib in Resources */ = {isa = PBXBuildFile; fileRef = B1B430651AEE891A00960ED9 /* LaunchScreen.xib */; };
		B1B430731AEE891A00960ED9 /* SlideMenuTests.swift in Sources */ = {isa = PBXBuildFile; fileRef = B1B430721AEE891A00960ED9 /* SlideMenuTests.swift */; };
		B1B430831AEE973C00960ED9 /* SlidePanelViewController.swift in Sources */ = {isa = PBXBuildFile; fileRef = B1B430821AEE973C00960ED9 /* SlidePanelViewController.swift */; };
		B1B430851AEE976900960ED9 /* MainTabBarController.swift in Sources */ = {isa = PBXBuildFile; fileRef = B1B430841AEE976900960ED9 /* MainTabBarController.swift */; };
		B1B430871AEE97A400960ED9 /* ContainerViewController.swift in Sources */ = {isa = PBXBuildFile; fileRef = B1B430861AEE97A400960ED9 /* ContainerViewController.swift */; };
/* End PBXBuildFile section */

/* Begin PBXContainerItemProxy section */
		B1B4306D1AEE891A00960ED9 /* PBXContainerItemProxy */ = {
			isa = PBXContainerItemProxy;
			containerPortal = B1B4304F1AEE891A00960ED9 /* Project object */;
			proxyType = 1;
			remoteGlobalIDString = B1B430561AEE891A00960ED9;
			remoteInfo = SlideMenu;
		};
/* End PBXContainerItemProxy section */

/* Begin PBXFileReference section */
		B13384871B5691A80094EA5E /* Constants.swift */ = {isa = PBXFileReference; fileEncoding = 4; lastKnownFileType = sourcecode.swift; path = Constants.swift; sourceTree = "<group>"; };
		B1B430571AEE891A00960ED9 /* SlideMenu.app */ = {isa = PBXFileReference; explicitFileType = wrapper.application; includeInIndex = 0; path = SlideMenu.app; sourceTree = BUILT_PRODUCTS_DIR; };
		B1B4305B1AEE891A00960ED9 /* Info.plist */ = {isa = PBXFileReference; lastKnownFileType = text.plist.xml; path = Info.plist; sourceTree = "<group>"; };
		B1B4305C1AEE891A00960ED9 /* AppDelegate.swift */ = {isa = PBXFileReference; lastKnownFileType = sourcecode.swift; path = AppDelegate.swift; sourceTree = "<group>"; };
		B1B430611AEE891A00960ED9 /* Base */ = {isa = PBXFileReference; lastKnownFileType = file.storyboard; name = Base; path = Base.lproj/Main.storyboard; sourceTree = "<group>"; };
		B1B430631AEE891A00960ED9 /* Images.xcassets */ = {isa = PBXFileReference; lastKnownFileType = folder.assetcatalog; path = Images.xcassets; sourceTree = "<group>"; };
		B1B430661AEE891A00960ED9 /* Base */ = {isa = PBXFileReference; lastKnownFileType = file.xib; name = Base; path = Base.lproj/LaunchScreen.xib; sourceTree = "<group>"; };
		B1B4306C1AEE891A00960ED9 /* SlideMenuTests.xctest */ = {isa = PBXFileReference; explicitFileType = wrapper.cfbundle; includeInIndex = 0; path = SlideMenuTests.xctest; sourceTree = BUILT_PRODUCTS_DIR; };
		B1B430711AEE891A00960ED9 /* Info.plist */ = {isa = PBXFileReference; lastKnownFileType = text.plist.xml; path = Info.plist; sourceTree = "<group>"; };
		B1B430721AEE891A00960ED9 /* SlideMenuTests.swift */ = {isa = PBXFileReference; lastKnownFileType = sourcecode.swift; path = SlideMenuTests.swift; sourceTree = "<group>"; };
		B1B430821AEE973C00960ED9 /* SlidePanelViewController.swift */ = {isa = PBXFileReference; fileEncoding = 4; lastKnownFileType = sourcecode.swift; path = SlidePanelViewController.swift; sourceTree = "<group>"; };
		B1B430841AEE976900960ED9 /* MainTabBarController.swift */ = {isa = PBXFileReference; fileEncoding = 4; lastKnownFileType = sourcecode.swift; path = MainTabBarController.swift; sourceTree = "<group>"; };
		B1B430861AEE97A400960ED9 /* ContainerViewController.swift */ = {isa = PBXFileReference; fileEncoding = 4; lastKnownFileType = sourcecode.swift; path = ContainerViewController.swift; sourceTree = "<group>"; };
/* End PBXFileReference section */

/* Begin PBXFrameworksBuildPhase section */
		B1B430541AEE891A00960ED9 /* Frameworks */ = {
			isa = PBXFrameworksBuildPhase;
			buildActionMask = 2147483647;
			files = (
			);
			runOnlyForDeploymentPostprocessing = 0;
		};
		B1B430691AEE891A00960ED9 /* Frameworks */ = {
			isa = PBXFrameworksBuildPhase;
			buildActionMask = 2147483647;
			files = (
			);
			runOnlyForDeploymentPostprocessing = 0;
		};
/* End PBXFrameworksBuildPhase section */

/* Begin PBXGroup section */
		B1B4304E1AEE891A00960ED9 = {
			isa = PBXGroup;
			children = (
				B1B430591AEE891A00960ED9 /* SlideMenu */,
				B1B4306F1AEE891A00960ED9 /* SlideMenuTests */,
				B1B430581AEE891A00960ED9 /* Products */,
			);
			sourceTree = "<group>";
		};
		B1B430581AEE891A00960ED9 /* Products */ = {
			isa = PBXGroup;
			children = (
				B1B430571AEE891A00960ED9 /* SlideMenu.app */,
				B1B4306C1AEE891A00960ED9 /* SlideMenuTests.xctest */,
			);
			name = Products;
			sourceTree = "<group>";
		};
		B1B430591AEE891A00960ED9 /* SlideMenu */ = {
			isa = PBXGroup;
			children = (
				B1B4305C1AEE891A00960ED9 /* AppDelegate.swift */,
				B1B430821AEE973C00960ED9 /* SlidePanelViewController.swift */,
				B1B430841AEE976900960ED9 /* MainTabBarController.swift */,
				B1B430861AEE97A400960ED9 /* ContainerViewController.swift */,
				B13384871B5691A80094EA5E /* Constants.swift */,
				B1B430601AEE891A00960ED9 /* Main.storyboard */,
				B1B430631AEE891A00960ED9 /* Images.xcassets */,
				B1B430651AEE891A00960ED9 /* LaunchScreen.xib */,
				B1B4305A1AEE891A00960ED9 /* Supporting Files */,
			);
			path = SlideMenu;
			sourceTree = "<group>";
		};
		B1B4305A1AEE891A00960ED9 /* Supporting Files */ = {
			isa = PBXGroup;
			children = (
				B1B4305B1AEE891A00960ED9 /* Info.plist */,
			);
			name = "Supporting Files";
			sourceTree = "<group>";
		};
		B1B4306F1AEE891A00960ED9 /* SlideMenuTests */ = {
			isa = PBXGroup;
			children = (
				B1B430721AEE891A00960ED9 /* SlideMenuTests.swift */,
				B1B430701AEE891A00960ED9 /* Supporting Files */,
			);
			path = SlideMenuTests;
			sourceTree = "<group>";
		};
		B1B430701AEE891A00960ED9 /* Supporting Files */ = {
			isa = PBXGroup;
			children = (
				B1B430711AEE891A00960ED9 /* Info.plist */,
			);
			name = "Supporting Files";
			sourceTree = "<group>";
		};
/* End PBXGroup section */

/* Begin PBXNativeTarget section */
		B1B430561AEE891A00960ED9 /* SlideMenu */ = {
			isa = PBXNativeTarget;
			buildConfigurationList = B1B430761AEE891A00960ED9 /* Build configuration list for PBXNativeTarget "SlideMenu" */;
			buildPhases = (
				B1B430531AEE891A00960ED9 /* Sources */,
				B1B430541AEE891A00960ED9 /* Frameworks */,
				B1B430551AEE891A00960ED9 /* Resources */,
			);
			buildRules = (
			);
			dependencies = (
			);
			name = SlideMenu;
			productName = SlideMenu;
			productReference = B1B430571AEE891A00960ED9 /* SlideMenu.app */;
			productType = "com.apple.product-type.application";
		};
		B1B4306B1AEE891A00960ED9 /* SlideMenuTests */ = {
			isa = PBXNativeTarget;
			buildConfigurationList = B1B430791AEE891A00960ED9 /* Build configuration list for PBXNativeTarget "SlideMenuTests" */;
			buildPhases = (
				B1B430681AEE891A00960ED9 /* Sources */,
				B1B430691AEE891A00960ED9 /* Frameworks */,
				B1B4306A1AEE891A00960ED9 /* Resources */,
			);
			buildRules = (
			);
			dependencies = (
				B1B4306E1AEE891A00960ED9 /* PBXTargetDependency */,
			);
			name = SlideMenuTests;
			productName = SlideMenuTests;
			productReference = B1B4306C1AEE891A00960ED9 /* SlideMenuTests.xctest */;
			productType = "com.apple.product-type.bundle.unit-test";
		};
/* End PBXNativeTarget section */

/* Begin PBXProject section */
		B1B4304F1AEE891A00960ED9 /* Project object */ = {
			isa = PBXProject;
			attributes = {
				LastSwiftMigration = 0700;
				LastSwiftUpdateCheck = 0700;
				LastUpgradeCheck = 0700;
				ORGANIZATIONNAME = Augus;
				TargetAttributes = {
					B1B430561AEE891A00960ED9 = {
						CreatedOnToolsVersion = 6.3.1;
					};
					B1B4306B1AEE891A00960ED9 = {
						CreatedOnToolsVersion = 6.3.1;
						TestTargetID = B1B430561AEE891A00960ED9;
					};
				};
			};
			buildConfigurationList = B1B430521AEE891A00960ED9 /* Build configuration list for PBXProject "SlideMenu" */;
			compatibilityVersion = "Xcode 3.2";
			developmentRegion = English;
			hasScannedForEncodings = 0;
			knownRegions = (
				en,
				Base,
			);
			mainGroup = B1B4304E1AEE891A00960ED9;
			productRefGroup = B1B430581AEE891A00960ED9 /* Products */;
			projectDirPath = "";
			projectRoot = "";
			targets = (
				B1B430561AEE891A00960ED9 /* SlideMenu */,
				B1B4306B1AEE891A00960ED9 /* SlideMenuTests */,
			);
		};
/* End PBXProject section */

/* Begin PBXResourcesBuildPhase section */
		B1B430551AEE891A00960ED9 /* Resources */ = {
			isa = PBXResourcesBuildPhase;
			buildActionMask = 2147483647;
			files = (
				B1B430621AEE891A00960ED9 /* Main.storyboard in Resources */,
				B1B430671AEE891A00960ED9 /* LaunchScreen.xib in Resources */,
				B1B430641AEE891A00960ED9 /* Images.xcassets in Resources */,
			);
			runOnlyForDeploymentPostprocessing = 0;
		};
		B1B4306A1AEE891A00960ED9 /* Resources */ = {
			isa = PBXResourcesBuildPhase;
			buildActionMask = 2147483647;
			files = (
			);
			runOnlyForDeploymentPostprocessing = 0;
		};
/* End PBXResourcesBuildPhase section */

/* Begin PBXSourcesBuildPhase section */
		B1B430531AEE891A00960ED9 /* Sources */ = {
			isa = PBXSourcesBuildPhase;
			buildActionMask = 2147483647;
			files = (
				B13384881B5691A80094EA5E /* Constants.swift in Sources */,
				B1B4305D1AEE891A00960ED9 /* AppDelegate.swift in Sources */,
				B1B430831AEE973C00960ED9 /* SlidePanelViewController.swift in Sources */,
				B1B430871AEE97A400960ED9 /* ContainerViewController.swift in Sources */,
				B1B430851AEE976900960ED9 /* MainTabBarController.swift in Sources */,
			);
			runOnlyForDeploymentPostprocessing = 0;
		};
		B1B430681AEE891A00960ED9 /* Sources */ = {
			isa = PBXSourcesBuildPhase;
			buildActionMask = 2147483647;
			files = (
				B1B430731AEE891A00960ED9 /* SlideMenuTests.swift in Sources */,
			);
			runOnlyForDeploymentPostprocessing = 0;
		};
/* End PBXSourcesBuildPhase section */

/* Begin PBXTargetDependency section */
		B1B4306E1AEE891A00960ED9 /* PBXTargetDependency */ = {
			isa = PBXTargetDependency;
			target = B1B430561AEE891A00960ED9 /* SlideMenu */;
			targetProxy = B1B4306D1AEE891A00960ED9 /* PBXContainerItemProxy */;
		};
/* End PBXTargetDependency section */

/* Begin PBXVariantGroup section */
		B1B430601AEE891A00960ED9 /* Main.storyboard */ = {
			isa = PBXVariantGroup;
			children = (
				B1B430611AEE891A00960ED9 /* Base */,
			);
			name = Main.storyboard;
			sourceTree = "<group>";
		};
		B1B430651AEE891A00960ED9 /* LaunchScreen.xib */ = {
			isa = PBXVariantGroup;
			children = (
				B1B430661AEE891A00960ED9 /* Base */,
			);
			name = LaunchScreen.xib;
			sourceTree = "<group>";
		};
/* End PBXVariantGroup section */

/* Begin XCBuildConfiguration section */
		B1B430741AEE891A00960ED9 /* Debug */ = {
			isa = XCBuildConfiguration;
			buildSettings = {
				ALWAYS_SEARCH_USER_PATHS = NO;
				CLANG_CXX_LANGUAGE_STANDARD = "gnu++0x";
				CLANG_CXX_LIBRARY = "libc++";
				CLANG_ENABLE_MODULES = YES;
				CLANG_ENABLE_OBJC_ARC = YES;
				CLANG_WARN_BOOL_CONVERSION = YES;
				CLANG_WARN_CONSTANT_CONVERSION = YES;
				CLANG_WARN_DIRECT_OBJC_ISA_USAGE = YES_ERROR;
				CLANG_WARN_EMPTY_BODY = YES;
				CLANG_WARN_ENUM_CONVERSION = YES;
				CLANG_WARN_INT_CONVERSION = YES;
				CLANG_WARN_OBJC_ROOT_CLASS = YES_ERROR;
				CLANG_WARN_UNREACHABLE_CODE = YES;
				CLANG_WARN__DUPLICATE_METHOD_MATCH = YES;
				"CODE_SIGN_IDENTITY[sdk=iphoneos*]" = "iPhone Developer";
				COPY_PHASE_STRIP = NO;
				DEBUG_INFORMATION_FORMAT = "dwarf-with-dsym";
				ENABLE_STRICT_OBJC_MSGSEND = YES;
				ENABLE_TESTABILITY = YES;
				GCC_C_LANGUAGE_STANDARD = gnu99;
				GCC_DYNAMIC_NO_PIC = NO;
				GCC_NO_COMMON_BLOCKS = YES;
				GCC_OPTIMIZATION_LEVEL = 0;
				GCC_PREPROCESSOR_DEFINITIONS = (
					"DEBUG=1",
					"$(inherited)",
				);
				GCC_SYMBOLS_PRIVATE_EXTERN = NO;
				GCC_WARN_64_TO_32_BIT_CONVERSION = YES;
				GCC_WARN_ABOUT_RETURN_TYPE = YES_ERROR;
				GCC_WARN_UNDECLARED_SELECTOR = YES;
				GCC_WARN_UNINITIALIZED_AUTOS = YES_AGGRESSIVE;
				GCC_WARN_UNUSED_FUNCTION = YES;
				GCC_WARN_UNUSED_VARIABLE = YES;
				IPHONEOS_DEPLOYMENT_TARGET = 8.3;
				MTL_ENABLE_DEBUG_INFO = YES;
				ONLY_ACTIVE_ARCH = YES;
				SDKROOT = iphoneos;
				SWIFT_OPTIMIZATION_LEVEL = "-Onone";
				TARGETED_DEVICE_FAMILY = "1,2";
			};
			name = Debug;
		};
		B1B430751AEE891A00960ED9 /* Release */ = {
			isa = XCBuildConfiguration;
			buildSettings = {
				ALWAYS_SEARCH_USER_PATHS = NO;
				CLANG_CXX_LANGUAGE_STANDARD = "gnu++0x";
				CLANG_CXX_LIBRARY = "libc++";
				CLANG_ENABLE_MODULES = YES;
				CLANG_ENABLE_OBJC_ARC = YES;
				CLANG_WARN_BOOL_CONVERSION = YES;
				CLANG_WARN_CONSTANT_CONVERSION = YES;
				CLANG_WARN_DIRECT_OBJC_ISA_USAGE = YES_ERROR;
				CLANG_WARN_EMPTY_BODY = YES;
				CLANG_WARN_ENUM_CONVERSION = YES;
				CLANG_WARN_INT_CONVERSION = YES;
				CLANG_WARN_OBJC_ROOT_CLASS = YES_ERROR;
				CLANG_WARN_UNREACHABLE_CODE = YES;
				CLANG_WARN__DUPLICATE_METHOD_MATCH = YES;
				"CODE_SIGN_IDENTITY[sdk=iphoneos*]" = "iPhone Developer";
				COPY_PHASE_STRIP = NO;
				DEBUG_INFORMATION_FORMAT = "dwarf-with-dsym";
				ENABLE_NS_ASSERTIONS = NO;
				ENABLE_STRICT_OBJC_MSGSEND = YES;
				GCC_C_LANGUAGE_STANDARD = gnu99;
				GCC_NO_COMMON_BLOCKS = YES;
				GCC_WARN_64_TO_32_BIT_CONVERSION = YES;
				GCC_WARN_ABOUT_RETURN_TYPE = YES_ERROR;
				GCC_WARN_UNDECLARED_SELECTOR = YES;
				GCC_WARN_UNINITIALIZED_AUTOS = YES_AGGRESSIVE;
				GCC_WARN_UNUSED_FUNCTION = YES;
				GCC_WARN_UNUSED_VARIABLE = YES;
				IPHONEOS_DEPLOYMENT_TARGET = 8.3;
				MTL_ENABLE_DEBUG_INFO = NO;
				SDKROOT = iphoneos;
				TARGETED_DEVICE_FAMILY = "1,2";
				VALIDATE_PRODUCT = YES;
			};
			name = Release;
		};
		B1B430771AEE891A00960ED9 /* Debug */ = {
			isa = XCBuildConfiguration;
			buildSettings = {
				ASSETCATALOG_COMPILER_APPICON_NAME = AppIcon;
				INFOPLIST_FILE = SlideMenu/Info.plist;
				LD_RUNPATH_SEARCH_PATHS = "$(inherited) @executable_path/Frameworks";
				PRODUCT_BUNDLE_IDENTIFIER = "com.augus.$(PRODUCT_NAME:rfc1034identifier)";
				PRODUCT_NAME = "$(TARGET_NAME)";
			};
			name = Debug;
		};
		B1B430781AEE891A00960ED9 /* Release */ = {
			isa = XCBuildConfiguration;
			buildSettings = {
				ASSETCATALOG_COMPILER_APPICON_NAME = AppIcon;
				INFOPLIST_FILE = SlideMenu/Info.plist;
				LD_RUNPATH_SEARCH_PATHS = "$(inherited) @executable_path/Frameworks";
				PRODUCT_BUNDLE_IDENTIFIER = "com.augus.$(PRODUCT_NAME:rfc1034identifier)";
				PRODUCT_NAME = "$(TARGET_NAME)";
			};
			name = Release;
		};
		B1B4307A1AEE891A00960ED9 /* Debug */ = {
			isa = XCBuildConfiguration;
			buildSettings = {
				BUNDLE_LOADER = "$(TEST_HOST)";
				FRAMEWORK_SEARCH_PATHS = (
					"$(SDKROOT)/Developer/Library/Frameworks",
					"$(inherited)",
				);
				GCC_PREPROCESSOR_DEFINITIONS = (
					"DEBUG=1",
					"$(inherited)",
				);
				INFOPLIST_FILE = SlideMenuTests/Info.plist;
				LD_RUNPATH_SEARCH_PATHS = "$(inherited) @executable_path/Frameworks @loader_path/Frameworks";
				PRODUCT_BUNDLE_IDENTIFIER = "com.augus.$(PRODUCT_NAME:rfc1034identifier)";
				PRODUCT_NAME = "$(TARGET_NAME)";
				TEST_HOST = "$(BUILT_PRODUCTS_DIR)/SlideMenu.app/SlideMenu";
			};
			name = Debug;
		};
		B1B4307B1AEE891A00960ED9 /* Release */ = {
			isa = XCBuildConfiguration;
			buildSettings = {
				BUNDLE_LOADER = "$(TEST_HOST)";
				FRAMEWORK_SEARCH_PATHS = (
					"$(SDKROOT)/Developer/Library/Frameworks",
					"$(inherited)",
				);
				INFOPLIST_FILE = SlideMenuTests/Info.plist;
				LD_RUNPATH_SEARCH_PATHS = "$(inherited) @executable_path/Frameworks @loader_path/Frameworks";
				PRODUCT_BUNDLE_IDENTIFIER = "com.augus.$(PRODUCT_NAME:rfc1034identifier)";
				PRODUCT_NAME = "$(TARGET_NAME)";
				TEST_HOST = "$(BUILT_PRODUCTS_DIR)/SlideMenu.app/SlideMenu";
			};
			name = Release;
		};
/* End XCBuildConfiguration section */

/* Begin XCConfigurationList section */
		B1B430521AEE891A00960ED9 /* Build configuration list for PBXProject "SlideMenu" */ = {
			isa = XCConfigurationList;
			buildConfigurations = (
				B1B430741AEE891A00960ED9 /* Debug */,
				B1B430751AEE891A00960ED9 /* Release */,
			);
			defaultConfigurationIsVisible = 0;
			defaultConfigurationName = Release;
		};
		B1B430761AEE891A00960ED9 /* Build configuration list for PBXNativeTarget "SlideMenu" */ = {
			isa = XCConfigurationList;
			buildConfigurations = (
				B1B430771AEE891A00960ED9 /* Debug */,
				B1B430781AEE891A00960ED9 /* Release */,
			);
			defaultConfigurationIsVisible = 0;
			defaultConfigurationName = Release;
		};
		B1B430791AEE891A00960ED9 /* Build configuration list for PBXNativeTarget "SlideMenuTests" */ = {
			isa = XCConfigurationList;
			buildConfigurations = (
				B1B4307A1AEE891A00960ED9 /* Debug */,
				B1B4307B1AEE891A00960ED9 /* Release */,
			);
			defaultConfigurationIsVisible = 0;
			defaultConfigurationName = Release;
		};
/* End XCConfigurationList section */
	};
	rootObject = B1B4304F1AEE891A00960ED9 /* Project object */;
}
